
Microsoft Visual Studio Solution File, Format Version 12.00
# Visual Studio 15
VisualStudioVersion = 15.0.27130.2024
MinimumVisualStudioVersion = 10.0.40219.1
Project("{FAE04EC0-301F-11D3-BF4B-00C04F79EFBC}") = "FlowGraph", "FlowGraph\FlowGraph.csproj", "{6864744C-CCB7-4BA2-9ABC-AA4AAB9E8D08}"
EndProject
Project("{2150E333-8FDC-42A3-9474-1A3956D46DE8}") = "Sample", "Sample", "{5382AFE1-DB39-433A-BD0A-DF2E9A0DBBF8}"
EndProject
Project("{FAE04EC0-301F-11D3-BF4B-00C04F79EFBC}") = "GraphSample", "GraphSample\GraphSample.csproj", "{7AC1F7D3-DEB5-4914-8C7A-CE3DCFB54505}"
EndProject
Project("{FAE04EC0-301F-11D3-BF4B-00C04F79EFBC}") = "ImageGraphSample", "ImageGraphSample\ImageGraphSample.csproj", "{91AE7FAB-3F02-4F3E-BEAD-926D7C8506B6}"
EndProject
Global
	GlobalSection(SolutionConfigurationPlatforms) = preSolution
		Debug|Any CPU = Debug|Any CPU
		Release|Any CPU = Release|Any CPU
	EndGlobalSection
	GlobalSection(ProjectConfigurationPlatforms) = postSolution
		{6864744C-CCB7-4BA2-9ABC-AA4AAB9E8D08}.Debug|Any CPU.ActiveCfg = Debug|Any CPU
		{6864744C-CCB7-4BA2-9ABC-AA4AAB9E8D08}.Debug|Any CPU.Build.0 = Debug|Any CPU
		{6864744C-CCB7-4BA2-9ABC-AA4AAB9E8D08}.Release|Any CPU.ActiveCfg = Release|Any CPU
		{6864744C-CCB7-4BA2-9ABC-AA4AAB9E8D08}.Release|Any CPU.Build.0 = Release|Any CPU
		{7AC1F7D3-DEB5-4914-8C7A-CE3DCFB54505}.Debug|Any CPU.ActiveCfg = Debug|Any CPU
		{7AC1F7D3-DEB5-4914-8C7A-CE3DCFB54505}.Debug|Any CPU.Build.0 = Debug|Any CPU
		{7AC1F7D3-DEB5-4914-8C7A-CE3DCFB54505}.Release|Any CPU.ActiveCfg = Release|Any CPU
		{7AC1F7D3-DEB5-4914-8C7A-CE3DCFB54505}.Release|Any CPU.Build.0 = Release|Any CPU
		{91AE7FAB-3F02-4F3E-BEAD-926D7C8506B6}.Debug|Any CPU.ActiveCfg = Debug|Any CPU
		{91AE7FAB-3F02-4F3E-BEAD-926D7C8506B6}.Debug|Any CPU.Build.0 = Debug|Any CPU
		{91AE7FAB-3F02-4F3E-BEAD-926D7C8506B6}.Release|Any CPU.ActiveCfg = Release|Any CPU
		{91AE7FAB-3F02-4F3E-BEAD-926D7C8506B6}.Release|Any CPU.Build.0 = Release|Any CPU
	EndGlobalSection
	GlobalSection(SolutionProperties) = preSolution
		HideSolutionNode = FALSE
	EndGlobalSection
	GlobalSection(NestedProjects) = preSolution
		{7AC1F7D3-DEB5-4914-8C7A-CE3DCFB54505} = {5382AFE1-DB39-433A-BD0A-DF2E9A0DBBF8}
		{91AE7FAB-3F02-4F3E-BEAD-926D7C8506B6} = {5382AFE1-DB39-433A-BD0A-DF2E9A0DBBF8}
	EndGlobalSection
	GlobalSection(ExtensibilityGlobals) = postSolution
		SolutionGuid = {BBB9027E-94EB-4115-A318-A19E318667F0}
	EndGlobalSection
EndGlobal
